
Microsoft Visual Studio Solution File, Format Version 12.00
# Visual Studio 15
VisualStudioVersion = 15.0.27924.0
MinimumVisualStudioVersion = 10.0.40219.1
Project("{FAE04EC0-301F-11D3-BF4B-00C04F79EFBC}") = "JavaScriptInterop", "JavaScriptInterop\JavaScriptInterop.csproj", "{C583B5F7-2EDA-45D0-BB7C-04ABCBE87875}"
EndProject
Global
	GlobalSection(SolutionConfigurationPlatforms) = preSolution
		Debug|Any CPU = Debug|Any CPU
		Release|Any CPU = Release|Any CPU
	EndGlobalSection
	GlobalSection(ProjectConfigurationPlatforms) = postSolution
		{C583B5F7-2EDA-45D0-BB7C-04ABCBE87875}.Debug|Any CPU.ActiveCfg = Debug|Any CPU
		{C583B5F7-2EDA-45D0-BB7C-04ABCBE87875}.Debug|Any CPU.Build.0 = Debug|Any CPU
		{C583B5F7-2EDA-45D0-BB7C-04ABCBE87875}.Release|Any CPU.ActiveCfg = Release|Any CPU
		{C583B5F7-2EDA-45D0-BB7C-04ABCBE87875}.Release|Any CPU.Build.0 = Release|Any CPU
	EndGlobalSection
	GlobalSection(SolutionProperties) = preSolution
		HideSolutionNode = FALSE
	EndGlobalSection
	GlobalSection(ExtensibilityGlobals) = postSolution
		SolutionGuid = {77CF6944-DCF6-40C6-8A4F-89BB52068316}
	EndGlobalSection
EndGlobal
