
Microsoft Visual Studio Solution File, Format Version 12.00
# Visual Studio 15
VisualStudioVersion = 15.0.27705.2000
MinimumVisualStudioVersion = 10.0.40219.1
Project("{FAE04EC0-301F-11D3-BF4B-00C04F79EFBC}") = "BlazorDemoApp", "BlazorDemoApp\BlazorDemoApp.csproj", "{0232E5B8-B1B5-4A2B-82FD-6E7F9EDAC237}"
EndProject
Global
	GlobalSection(SolutionConfigurationPlatforms) = preSolution
		Debug|Any CPU = Debug|Any CPU
		Release|Any CPU = Release|Any CPU
	EndGlobalSection
	GlobalSection(ProjectConfigurationPlatforms) = postSolution
		{0232E5B8-B1B5-4A2B-82FD-6E7F9EDAC237}.Debug|Any CPU.ActiveCfg = Debug|Any CPU
		{0232E5B8-B1B5-4A2B-82FD-6E7F9EDAC237}.Debug|Any CPU.Build.0 = Debug|Any CPU
		{0232E5B8-B1B5-4A2B-82FD-6E7F9EDAC237}.Release|Any CPU.ActiveCfg = Release|Any CPU
		{0232E5B8-B1B5-4A2B-82FD-6E7F9EDAC237}.Release|Any CPU.Build.0 = Release|Any CPU
	EndGlobalSection
	GlobalSection(SolutionProperties) = preSolution
		HideSolutionNode = FALSE
	EndGlobalSection
	GlobalSection(ExtensibilityGlobals) = postSolution
		SolutionGuid = {CF3DEE69-3EE3-4A93-A480-6B48B473689C}
	EndGlobalSection
EndGlobal
