
Microsoft Visual Studio Solution File, Format Version 12.00
# Visual Studio 15
VisualStudioVersion = 15.0.28124.53
MinimumVisualStudioVersion = 10.0.40219.1
Project("{FAE04EC0-301F-11D3-BF4B-00C04F79EFBC}") = "TemplatedComponents", "TemplatedComponents\TemplatedComponents.csproj", "{B3C89811-F088-4C65-A229-95898530C5EE}"
EndProject
Global
	GlobalSection(SolutionConfigurationPlatforms) = preSolution
		Debug|Any CPU = Debug|Any CPU
		Release|Any CPU = Release|Any CPU
	EndGlobalSection
	GlobalSection(ProjectConfigurationPlatforms) = postSolution
		{B3C89811-F088-4C65-A229-95898530C5EE}.Debug|Any CPU.ActiveCfg = Debug|Any CPU
		{B3C89811-F088-4C65-A229-95898530C5EE}.Debug|Any CPU.Build.0 = Debug|Any CPU
		{B3C89811-F088-4C65-A229-95898530C5EE}.Release|Any CPU.ActiveCfg = Release|Any CPU
		{B3C89811-F088-4C65-A229-95898530C5EE}.Release|Any CPU.Build.0 = Release|Any CPU
	EndGlobalSection
	GlobalSection(SolutionProperties) = preSolution
		HideSolutionNode = FALSE
	EndGlobalSection
	GlobalSection(ExtensibilityGlobals) = postSolution
		SolutionGuid = {9D273AF6-496E-434B-A0EC-0C202C12B8B5}
	EndGlobalSection
EndGlobal
